// !$*UTF8*$!
{
	archiveVersion = 1;
	classes = {
	};
	objectVersion = 46;
	objects = {

/* Begin PBXBuildFile section */
		29F80D5819F7BE9C00FC708C /* main.m in Sources */ = {isa = PBXBuildFile; fileRef = 29F80D5719F7BE9C00FC708C /* main.m */; };
		29F80D5B19F7BE9C00FC708C /* AppDelegate.m in Sources */ = {isa = PBXBuildFile; fileRef = 29F80D5A19F7BE9C00FC708C /* AppDelegate.m */; };
		29F80D5E19F7BE9C00FC708C /* ViewController.m in Sources */ = {isa = PBXBuildFile; fileRef = 29F80D5D19F7BE9C00FC708C /* ViewController.m */; };
		29F80D6119F7BE9C00FC708C /* Main.storyboard in Resources */ = {isa = PBXBuildFile; fileRef = 29F80D5F19F7BE9C00FC708C /* Main.storyboard */; };
		29F80D6319F7BE9C00FC708C /* Images.xcassets in Resources */ = {isa = PBXBuildFile; fileRef = 29F80D6219F7BE9C00FC708C /* Images.xcassets */; };
		29F80D6619F7BE9C00FC708C /* LaunchScreen.xib in Resources */ = {isa = PBXBuildFile; fileRef = 29F80D6419F7BE9C00FC708C /* LaunchScreen.xib */; };
		29F80D7219F7BE9C00FC708C /* TestPan1Tests.m in Sources */ = {isa = PBXBuildFile; fileRef = 29F80D7119F7BE9C00FC708C /* TestPan1Tests.m */; };
/* End PBXBuildFile section */

/* Begin PBXContainerItemProxy section */
		29F80D6C19F7BE9C00FC708C /* PBXContainerItemProxy */ = {
			isa = PBXContainerItemProxy;
			containerPortal = 29F80D4A19F7BE9C00FC708C /* Project object */;
			proxyType = 1;
			remoteGlobalIDString = 29F80D5119F7BE9C00FC708C;
			remoteInfo = TestPan1;
		};
/* End PBXContainerItemProxy section */

/* Begin PBXFileReference section */
		29F80D5219F7BE9C00FC708C /* TestPan1.app */ = {isa = PBXFileReference; explicitFileType = wrapper.application; includeInIndex = 0; path = TestPan1.app; sourceTree = BUILT_PRODUCTS_DIR; };
		29F80D5619F7BE9C00FC708C /* Info.plist */ = {isa = PBXFileReference; lastKnownFileType = text.plist.xml; path = Info.plist; sourceTree = "<group>"; };
		29F80D5719F7BE9C00FC708C /* main.m */ = {isa = PBXFileReference; lastKnownFileType = sourcecode.c.objc; path = main.m; sourceTree = "<group>"; };
		29F80D5919F7BE9C00FC708C /* AppDelegate.h */ = {isa = PBXFileReference; lastKnownFileType = sourcecode.c.h; path = AppDelegate.h; sourceTree = "<group>"; };
		29F80D5A19F7BE9C00FC708C /* AppDelegate.m */ = {isa = PBXFileReference; lastKnownFileType = sourcecode.c.objc; path = AppDelegate.m; sourceTree = "<group>"; };
		29F80D5C19F7BE9C00FC708C /* ViewController.h */ = {isa = PBXFileReference; lastKnownFileType = sourcecode.c.h; path = ViewController.h; sourceTree = "<group>"; };
		29F80D5D19F7BE9C00FC708C /* ViewController.m */ = {isa = PBXFileReference; lastKnownFileType = sourcecode.c.objc; path = ViewController.m; sourceTree = "<group>"; };
		29F80D6019F7BE9C00FC708C /* Base */ = {isa = PBXFileReference; lastKnownFileType = file.storyboard; name = Base; path = Base.lproj/Main.storyboard; sourceTree = "<group>"; };
		29F80D6219F7BE9C00FC708C /* Images.xcassets */ = {isa = PBXFileReference; lastKnownFileType = folder.assetcatalog; path = Images.xcassets; sourceTree = "<group>"; };
		29F80D6519F7BE9C00FC708C /* Base */ = {isa = PBXFileReference; lastKnownFileType = file.xib; name = Base; path = Base.lproj/LaunchScreen.xib; sourceTree = "<group>"; };
		29F80D6B19F7BE9C00FC708C /* TestPan1Tests.xctest */ = {isa = PBXFileReference; explicitFileType = wrapper.cfbundle; includeInIndex = 0; path = TestPan1Tests.xctest; sourceTree = BUILT_PRODUCTS_DIR; };
		29F80D7019F7BE9C00FC708C /* Info.plist */ = {isa = PBXFileReference; lastKnownFileType = text.plist.xml; path = Info.plist; sourceTree = "<group>"; };
		29F80D7119F7BE9C00FC708C /* TestPan1Tests.m */ = {isa = PBXFileReference; lastKnownFileType = sourcecode.c.objc; path = TestPan1Tests.m; sourceTree = "<group>"; };
/* End PBXFileReference section */

/* Begin PBXFrameworksBuildPhase section */
		29F80D4F19F7BE9C00FC708C /* Frameworks */ = {
			isa = PBXFrameworksBuildPhase;
			buildActionMask = 2147483647;
			files = (
			);
			runOnlyForDeploymentPostprocessing = 0;
		};
		29F80D6819F7BE9C00FC708C /* Frameworks */ = {
			isa = PBXFrameworksBuildPhase;
			buildActionMask = 2147483647;
			files = (
			);
			runOnlyForDeploymentPostprocessing = 0;
		};
/* End PBXFrameworksBuildPhase section */

/* Begin PBXGroup section */
		29F80D4919F7BE9C00FC708C = {
			isa = PBXGroup;
			children = (
				29F80D5419F7BE9C00FC708C /* TestPan1 */,
				29F80D6E19F7BE9C00FC708C /* TestPan1Tests */,
				29F80D5319F7BE9C00FC708C /* Products */,
			);
			sourceTree = "<group>";
		};
		29F80D5319F7BE9C00FC708C /* Products */ = {
			isa = PBXGroup;
			children = (
				29F80D5219F7BE9C00FC708C /* TestPan1.app */,
				29F80D6B19F7BE9C00FC708C /* TestPan1Tests.xctest */,
			);
			name = Products;
			sourceTree = "<group>";
		};
		29F80D5419F7BE9C00FC708C /* TestPan1 */ = {
			isa = PBXGroup;
			children = (
				29F80D5919F7BE9C00FC708C /* AppDelegate.h */,
				29F80D5A19F7BE9C00FC708C /* AppDelegate.m */,
				29F80D5C19F7BE9C00FC708C /* ViewController.h */,
				29F80D5D19F7BE9C00FC708C /* ViewController.m */,
				29F80D5F19F7BE9C00FC708C /* Main.storyboard */,
				29F80D6219F7BE9C00FC708C /* Images.xcassets */,
				29F80D6419F7BE9C00FC708C /* LaunchScreen.xib */,
				29F80D5519F7BE9C00FC708C /* Supporting Files */,
			);
			path = TestPan1;
			sourceTree = "<group>";
		};
		29F80D5519F7BE9C00FC708C /* Supporting Files */ = {
			isa = PBXGroup;
			children = (
				29F80D5619F7BE9C00FC708C /* Info.plist */,
				29F80D5719F7BE9C00FC708C /* main.m */,
			);
			name = "Supporting Files";
			sourceTree = "<group>";
		};
		29F80D6E19F7BE9C00FC708C /* TestPan1Tests */ = {
			isa = PBXGroup;
			children = (
				29F80D7119F7BE9C00FC708C /* TestPan1Tests.m */,
				29F80D6F19F7BE9C00FC708C /* Supporting Files */,
			);
			path = TestPan1Tests;
			sourceTree = "<group>";
		};
		29F80D6F19F7BE9C00FC708C /* Supporting Files */ = {
			isa = PBXGroup;
			children = (
				29F80D7019F7BE9C00FC708C /* Info.plist */,
			);
			name = "Supporting Files";
			sourceTree = "<group>";
		};
/* End PBXGroup section */

/* Begin PBXNativeTarget section */
		29F80D5119F7BE9C00FC708C /* TestPan1 */ = {
			isa = PBXNativeTarget;
			buildConfigurationList = 29F80D7519F7BE9C00FC708C /* Build configuration list for PBXNativeTarget "TestPan1" */;
			buildPhases = (
				29F80D4E19F7BE9C00FC708C /* Sources */,
				29F80D4F19F7BE9C00FC708C /* Frameworks */,
				29F80D5019F7BE9C00FC708C /* Resources */,
			);
			buildRules = (
			);
			dependencies = (
			);
			name = TestPan1;
			productName = TestPan1;
			productReference = 29F80D5219F7BE9C00FC708C /* TestPan1.app */;
			productType = "com.apple.product-type.application";
		};
		29F80D6A19F7BE9C00FC708C /* TestPan1Tests */ = {
			isa = PBXNativeTarget;
			buildConfigurationList = 29F80D7819F7BE9C00FC708C /* Build configuration list for PBXNativeTarget "TestPan1Tests" */;
			buildPhases = (
				29F80D6719F7BE9C00FC708C /* Sources */,
				29F80D6819F7BE9C00FC708C /* Frameworks */,
				29F80D6919F7BE9C00FC708C /* Resources */,
			);
			buildRules = (
			);
			dependencies = (
				29F80D6D19F7BE9C00FC708C /* PBXTargetDependency */,
			);
			name = TestPan1Tests;
			productName = TestPan1Tests;
			productReference = 29F80D6B19F7BE9C00FC708C /* TestPan1Tests.xctest */;
			productType = "com.apple.product-type.bundle.unit-test";
		};
/* End PBXNativeTarget section */

/* Begin PBXProject section */
		29F80D4A19F7BE9C00FC708C /* Project object */ = {
			isa = PBXProject;
			attributes = {
				LastUpgradeCheck = 0600;
				ORGANIZATIONNAME = Forrest;
				TargetAttributes = {
					29F80D5119F7BE9C00FC708C = {
						CreatedOnToolsVersion = 6.0.1;
					};
					29F80D6A19F7BE9C00FC708C = {
						CreatedOnToolsVersion = 6.0.1;
						TestTargetID = 29F80D5119F7BE9C00FC708C;
					};
				};
			};
			buildConfigurationList = 29F80D4D19F7BE9C00FC708C /* Build configuration list for PBXProject "TestPan1" */;
			compatibilityVersion = "Xcode 3.2";
			developmentRegion = English;
			hasScannedForEncodings = 0;
			knownRegions = (
				en,
				Base,
			);
			mainGroup = 29F80D4919F7BE9C00FC708C;
			productRefGroup = 29F80D5319F7BE9C00FC708C /* Products */;
			projectDirPath = "";
			projectRoot = "";
			targets = (
				29F80D5119F7BE9C00FC708C /* TestPan1 */,
				29F80D6A19F7BE9C00FC708C /* TestPan1Tests */,
			);
		};
/* End PBXProject section */

/* Begin PBXResourcesBuildPhase section */
		29F80D5019F7BE9C00FC708C /* Resources */ = {
			isa = PBXResourcesBuildPhase;
			buildActionMask = 2147483647;
			files = (
				29F80D6119F7BE9C00FC708C /* Main.storyboard in Resources */,
				29F80D6619F7BE9C00FC708C /* LaunchScreen.xib in Resources */,
				29F80D6319F7BE9C00FC708C /* Images.xcassets in Resources */,
			);
			runOnlyForDeploymentPostprocessing = 0;
		};
		29F80D6919F7BE9C00FC708C /* Resources */ = {
			isa = PBXResourcesBuildPhase;
			buildActionMask = 2147483647;
			files = (
			);
			runOnlyForDeploymentPostprocessing = 0;
		};
/* End PBXResourcesBuildPhase section */

/* Begin PBXSourcesBuildPhase section */
		29F80D4E19F7BE9C00FC708C /* Sources */ = {
			isa = PBXSourcesBuildPhase;
			buildActionMask = 2147483647;
			files = (
				29F80D5E19F7BE9C00FC708C /* ViewController.m in Sources */,
				29F80D5B19F7BE9C00FC708C /* AppDelegate.m in Sources */,
				29F80D5819F7BE9C00FC708C /* main.m in Sources */,
			);
			runOnlyForDeploymentPostprocessing = 0;
		};
		29F80D6719F7BE9C00FC708C /* Sources */ = {
			isa = PBXSourcesBuildPhase;
			buildActionMask = 2147483647;
			files = (
				29F80D7219F7BE9C00FC708C /* TestPan1Tests.m in Sources */,
			);
			runOnlyForDeploymentPostprocessing = 0;
		};
/* End PBXSourcesBuildPhase section */

/* Begin PBXTargetDependency section */
		29F80D6D19F7BE9C00FC708C /* PBXTargetDependency */ = {
			isa = PBXTargetDependency;
			target = 29F80D5119F7BE9C00FC708C /* TestPan1 */;
			targetProxy = 29F80D6C19F7BE9C00FC708C /* PBXContainerItemProxy */;
		};
/* End PBXTargetDependency section */

/* Begin PBXVariantGroup section */
		29F80D5F19F7BE9C00FC708C /* Main.storyboard */ = {
			isa = PBXVariantGroup;
			children = (
				29F80D6019F7BE9C00FC708C /* Base */,
			);
			name = Main.storyboard;
			sourceTree = "<group>";
		};
		29F80D6419F7BE9C00FC708C /* LaunchScreen.xib */ = {
			isa = PBXVariantGroup;
			children = (
				29F80D6519F7BE9C00FC708C /* Base */,
			);
			name = LaunchScreen.xib;
			sourceTree = "<group>";
		};
/* End PBXVariantGroup section */

/* Begin XCBuildConfiguration section */
		29F80D7319F7BE9C00FC708C /* Debug */ = {
			isa = XCBuildConfiguration;
			buildSettings = {
				ALWAYS_SEARCH_USER_PATHS = NO;
				CLANG_CXX_LANGUAGE_STANDARD = "gnu++0x";
				CLANG_CXX_LIBRARY = "libc++";
				CLANG_ENABLE_MODULES = YES;
				CLANG_ENABLE_OBJC_ARC = YES;
				CLANG_WARN_BOOL_CONVERSION = YES;
				CLANG_WARN_CONSTANT_CONVERSION = YES;
				CLANG_WARN_DIRECT_OBJC_ISA_USAGE = YES_ERROR;
				CLANG_WARN_EMPTY_BODY = YES;
				CLANG_WARN_ENUM_CONVERSION = YES;
				CLANG_WARN_INT_CONVERSION = YES;
				CLANG_WARN_OBJC_ROOT_CLASS = YES_ERROR;
				CLANG_WARN_UNREACHABLE_CODE = YES;
				CLANG_WARN__DUPLICATE_METHOD_MATCH = YES;
				"CODE_SIGN_IDENTITY[sdk=iphoneos*]" = "iPhone Developer";
				COPY_PHASE_STRIP = NO;
				ENABLE_STRICT_OBJC_MSGSEND = YES;
				GCC_C_LANGUAGE_STANDARD = gnu99;
				GCC_DYNAMIC_NO_PIC = NO;
				GCC_OPTIMIZATION_LEVEL = 0;
				GCC_PREPROCESSOR_DEFINITIONS = (
					"DEBUG=1",
					"$(inherited)",
				);
				GCC_SYMBOLS_PRIVATE_EXTERN = NO;
				GCC_WARN_64_TO_32_BIT_CONVERSION = YES;
				GCC_WARN_ABOUT_RETURN_TYPE = YES_ERROR;
				GCC_WARN_UNDECLARED_SELECTOR = YES;
				GCC_WARN_UNINITIALIZED_AUTOS = YES_AGGRESSIVE;
				GCC_WARN_UNUSED_FUNCTION = YES;
				GCC_WARN_UNUSED_VARIABLE = YES;
				IPHONEOS_DEPLOYMENT_TARGET = 8.0;
				MTL_ENABLE_DEBUG_INFO = YES;
				ONLY_ACTIVE_ARCH = YES;
				SDKROOT = iphoneos;
			};
			name = Debug;
		};
		29F80D7419F7BE9C00FC708C /* Release */ = {
			isa = XCBuildConfiguration;
			buildSettings = {
				ALWAYS_SEARCH_USER_PATHS = NO;
				CLANG_CXX_LANGUAGE_STANDARD = "gnu++0x";
				CLANG_CXX_LIBRARY = "libc++";
				CLANG_ENABLE_MODULES = YES;
				CLANG_ENABLE_OBJC_ARC = YES;
				CLANG_WARN_BOOL_CONVERSION = YES;
				CLANG_WARN_CONSTANT_CONVERSION = YES;
				CLANG_WARN_DIRECT_OBJC_ISA_USAGE = YES_ERROR;
				CLANG_WARN_EMPTY_BODY = YES;
				CLANG_WARN_ENUM_CONVERSION = YES;
				CLANG_WARN_INT_CONVERSION = YES;
				CLANG_WARN_OBJC_ROOT_CLASS = YES_ERROR;
				CLANG_WARN_UNREACHABLE_CODE = YES;
				CLANG_WARN__DUPLICATE_METHOD_MATCH = YES;
				"CODE_SIGN_IDENTITY[sdk=iphoneos*]" = "iPhone Developer";
				COPY_PHASE_STRIP = YES;
				ENABLE_NS_ASSERTIONS = NO;
				ENABLE_STRICT_OBJC_MSGSEND = YES;
				GCC_C_LANGUAGE_STANDARD = gnu99;
				GCC_WARN_64_TO_32_BIT_CONVERSION = YES;
				GCC_WARN_ABOUT_RETURN_TYPE = YES_ERROR;
				GCC_WARN_UNDECLARED_SELECTOR = YES;
				GCC_WARN_UNINITIALIZED_AUTOS = YES_AGGRESSIVE;
				GCC_WARN_UNUSED_FUNCTION = YES;
				GCC_WARN_UNUSED_VARIABLE = YES;
				IPHONEOS_DEPLOYMENT_TARGET = 8.0;
				MTL_ENABLE_DEBUG_INFO = NO;
				SDKROOT = iphoneos;
				VALIDATE_PRODUCT = YES;
			};
			name = Release;
		};
		29F80D7619F7BE9C00FC708C /* Debug */ = {
			isa = XCBuildConfiguration;
			buildSettings = {
				ASSETCATALOG_COMPILER_APPICON_NAME = AppIcon;
				INFOPLIST_FILE = TestPan1/Info.plist;
				LD_RUNPATH_SEARCH_PATHS = "$(inherited) @executable_path/Frameworks";
				PRODUCT_NAME = "$(TARGET_NAME)";
			};
			name = Debug;
		};
		29F80D7719F7BE9C00FC708C /* Release */ = {
			isa = XCBuildConfiguration;
			buildSettings = {
				ASSETCATALOG_COMPILER_APPICON_NAME = AppIcon;
				INFOPLIST_FILE = TestPan1/Info.plist;
				LD_RUNPATH_SEARCH_PATHS = "$(inherited) @executable_path/Frameworks";
				PRODUCT_NAME = "$(TARGET_NAME)";
			};
			name = Release;
		};
		29F80D7919F7BE9C00FC708C /* Debug */ = {
			isa = XCBuildConfiguration;
			buildSettings = {
				BUNDLE_LOADER = "$(TEST_HOST)";
				FRAMEWORK_SEARCH_PATHS = (
					"$(SDKROOT)/Developer/Library/Frameworks",
					"$(inherited)",
				);
				GCC_PREPROCESSOR_DEFINITIONS = (
					"DEBUG=1",
					"$(inherited)",
				);
				INFOPLIST_FILE = TestPan1Tests/Info.plist;
				LD_RUNPATH_SEARCH_PATHS = "$(inherited) @executable_path/Frameworks @loader_path/Frameworks";
				PRODUCT_NAME = "$(TARGET_NAME)";
				TEST_HOST = "$(BUILT_PRODUCTS_DIR)/TestPan1.app/TestPan1";
			};
			name = Debug;
		};
		29F80D7A19F7BE9C00FC708C /* Release */ = {
			isa = XCBuildConfiguration;
			buildSettings = {
				BUNDLE_LOADER = "$(TEST_HOST)";
				FRAMEWORK_SEARCH_PATHS = (
					"$(SDKROOT)/Developer/Library/Frameworks",
					"$(inherited)",
				);
				INFOPLIST_FILE = TestPan1Tests/Info.plist;
				LD_RUNPATH_SEARCH_PATHS = "$(inherited) @executable_path/Frameworks @loader_path/Frameworks";
				PRODUCT_NAME = "$(TARGET_NAME)";
				TEST_HOST = "$(BUILT_PRODUCTS_DIR)/TestPan1.app/TestPan1";
			};
			name = Release;
		};
/* End XCBuildConfiguration section */

/* Begin XCConfigurationList section */
		29F80D4D19F7BE9C00FC708C /* Build configuration list for PBXProject "TestPan1" */ = {
			isa = XCConfigurationList;
			buildConfigurations = (
				29F80D7319F7BE9C00FC708C /* Debug */,
				29F80D7419F7BE9C00FC708C /* Release */,
			);
			defaultConfigurationIsVisible = 0;
			defaultConfigurationName = Release;
		};
		29F80D7519F7BE9C00FC708C /* Build configuration list for PBXNativeTarget "TestPan1" */ = {
			isa = XCConfigurationList;
			buildConfigurations = (
				29F80D7619F7BE9C00FC708C /* Debug */,
				29F80D7719F7BE9C00FC708C /* Release */,
			);
			defaultConfigurationIsVisible = 0;
		};
		29F80D7819F7BE9C00FC708C /* Build configuration list for PBXNativeTarget "TestPan1Tests" */ = {
			isa = XCConfigurationList;
			buildConfigurations = (
				29F80D7919F7BE9C00FC708C /* Debug */,
				29F80D7A19F7BE9C00FC708C /* Release */,
			);
			defaultConfigurationIsVisible = 0;
		};
/* End XCConfigurationList section */
	};
	rootObject = 29F80D4A19F7BE9C00FC708C /* Project object */;
}
